
Microsoft Visual Studio Solution File, Format Version 12.00
# Visual Studio 2015
Project("{FAE04EC0-301F-11D3-BF4B-00C04F79EFBC}") = "PlanetsPrototype2.CSharp", "PlanetsPrototype2.CSharp.csproj", "{8FAB7441-BE4F-F6DC-49B2-2F1AE960D640}"
EndProject
Global
	GlobalSection(SolutionConfigurationPlatforms) = preSolution
		Debug|Any CPU = Debug|Any CPU
		Release|Any CPU = Release|Any CPU
	EndGlobalSection
	GlobalSection(ProjectConfigurationPlatforms) = postSolution
		{8FAB7441-BE4F-F6DC-49B2-2F1AE960D640}.Debug|Any CPU.ActiveCfg = Debug|Any CPU
		{8FAB7441-BE4F-F6DC-49B2-2F1AE960D640}.Debug|Any CPU.Build.0 = Debug|Any CPU
		{8FAB7441-BE4F-F6DC-49B2-2F1AE960D640}.Release|Any CPU.ActiveCfg = Release|Any CPU
		{8FAB7441-BE4F-F6DC-49B2-2F1AE960D640}.Release|Any CPU.Build.0 = Release|Any CPU
	EndGlobalSection
	GlobalSection(SolutionProperties) = preSolution
		HideSolutionNode = FALSE
	EndGlobalSection
EndGlobal
